// !$*UTF8*$!
{
	archiveVersion = 1;
	classes = {
	};
	objectVersion = 50;
	objects = {

/* Begin PBXBuildFile section */
		C3AAFC51269027C000D54EBE /* CupcakesApp.swift in Sources */ = {isa = PBXBuildFile; fileRef = C3AAFC50269027C000D54EBE /* CupcakesApp.swift */; };
		C3AAFC53269027C000D54EBE /* MainView.swift in Sources */ = {isa = PBXBuildFile; fileRef = C3AAFC52269027C000D54EBE /* MainView.swift */; };
		C3AAFC55269027C300D54EBE /* Assets.xcassets in Resources */ = {isa = PBXBuildFile; fileRef = C3AAFC54269027C300D54EBE /* Assets.xcassets */; };
		C3AAFC58269027C300D54EBE /* Preview Assets.xcassets in Resources */ = {isa = PBXBuildFile; fileRef = C3AAFC57269027C300D54EBE /* Preview Assets.xcassets */; };
		C3AAFC622690B02500D54EBE /* Order.swift in Sources */ = {isa = PBXBuildFile; fileRef = C3AAFC612690B02500D54EBE /* Order.swift */; };
		C3AAFC642690B75000D54EBE /* AddressView.swift in Sources */ = {isa = PBXBuildFile; fileRef = C3AAFC632690B75000D54EBE /* AddressView.swift */; };
		C3AAFC662690B88A00D54EBE /* OrderView.swift in Sources */ = {isa = PBXBuildFile; fileRef = C3AAFC652690B88A00D54EBE /* OrderView.swift */; };
/* End PBXBuildFile section */

/* Begin PBXFileReference section */
		C3AAFC4D269027C000D54EBE /* Cupcakes.app */ = {isa = PBXFileReference; explicitFileType = wrapper.application; includeInIndex = 0; path = Cupcakes.app; sourceTree = BUILT_PRODUCTS_DIR; };
		C3AAFC50269027C000D54EBE /* CupcakesApp.swift */ = {isa = PBXFileReference; lastKnownFileType = sourcecode.swift; path = CupcakesApp.swift; sourceTree = "<group>"; };
		C3AAFC52269027C000D54EBE /* MainView.swift */ = {isa = PBXFileReference; lastKnownFileType = sourcecode.swift; path = MainView.swift; sourceTree = "<group>"; };
		C3AAFC54269027C300D54EBE /* Assets.xcassets */ = {isa = PBXFileReference; lastKnownFileType = folder.assetcatalog; path = Assets.xcassets; sourceTree = "<group>"; };
		C3AAFC57269027C300D54EBE /* Preview Assets.xcassets */ = {isa = PBXFileReference; lastKnownFileType = folder.assetcatalog; path = "Preview Assets.xcassets"; sourceTree = "<group>"; };
		C3AAFC59269027C300D54EBE /* Info.plist */ = {isa = PBXFileReference; lastKnownFileType = text.plist.xml; path = Info.plist; sourceTree = "<group>"; };
		C3AAFC612690B02500D54EBE /* Order.swift */ = {isa = PBXFileReference; lastKnownFileType = sourcecode.swift; path = Order.swift; sourceTree = "<group>"; };
		C3AAFC632690B75000D54EBE /* AddressView.swift */ = {isa = PBXFileReference; lastKnownFileType = sourcecode.swift; path = AddressView.swift; sourceTree = "<group>"; };
		C3AAFC652690B88A00D54EBE /* OrderView.swift */ = {isa = PBXFileReference; lastKnownFileType = sourcecode.swift; path = OrderView.swift; sourceTree = "<group>"; };
/* End PBXFileReference section */

/* Begin PBXFrameworksBuildPhase section */
		C3AAFC4A269027C000D54EBE /* Frameworks */ = {
			isa = PBXFrameworksBuildPhase;
			buildActionMask = 2147483647;
			files = (
			);
			runOnlyForDeploymentPostprocessing = 0;
		};
/* End PBXFrameworksBuildPhase section */

/* Begin PBXGroup section */
		C3AAFC44269027C000D54EBE = {
			isa = PBXGroup;
			children = (
				C3AAFC4F269027C000D54EBE /* Cupcakes */,
				C3AAFC4E269027C000D54EBE /* Products */,
			);
			sourceTree = "<group>";
		};
		C3AAFC4E269027C000D54EBE /* Products */ = {
			isa = PBXGroup;
			children = (
				C3AAFC4D269027C000D54EBE /* Cupcakes.app */,
			);
			name = Products;
			sourceTree = "<group>";
		};
		C3AAFC4F269027C000D54EBE /* Cupcakes */ = {
			isa = PBXGroup;
			children = (
				C3AAFC50269027C000D54EBE /* CupcakesApp.swift */,
				C3AAFC52269027C000D54EBE /* MainView.swift */,
				C3AAFC54269027C300D54EBE /* Assets.xcassets */,
				C3AAFC59269027C300D54EBE /* Info.plist */,
				C3AAFC56269027C300D54EBE /* Preview Content */,
				C3AAFC612690B02500D54EBE /* Order.swift */,
				C3AAFC632690B75000D54EBE /* AddressView.swift */,
				C3AAFC652690B88A00D54EBE /* OrderView.swift */,
			);
			path = Cupcakes;
			sourceTree = "<group>";
		};
		C3AAFC56269027C300D54EBE /* Preview Content */ = {
			isa = PBXGroup;
			children = (
				C3AAFC57269027C300D54EBE /* Preview Assets.xcassets */,
			);
			path = "Preview Content";
			sourceTree = "<group>";
		};
/* End PBXGroup section */

/* Begin PBXNativeTarget section */
		C3AAFC4C269027C000D54EBE /* Cupcakes */ = {
			isa = PBXNativeTarget;
			buildConfigurationList = C3AAFC5C269027C300D54EBE /* Build configuration list for PBXNativeTarget "Cupcakes" */;
			buildPhases = (
				C3AAFC49269027C000D54EBE /* Sources */,
				C3AAFC4A269027C000D54EBE /* Frameworks */,
				C3AAFC4B269027C000D54EBE /* Resources */,
			);
			buildRules = (
			);
			dependencies = (
			);
			name = Cupcakes;
			productName = Cupcakes;
			productReference = C3AAFC4D269027C000D54EBE /* Cupcakes.app */;
			productType = "com.apple.product-type.application";
		};
/* End PBXNativeTarget section */

/* Begin PBXProject section */
		C3AAFC45269027C000D54EBE /* Project object */ = {
			isa = PBXProject;
			attributes = {
				LastSwiftUpdateCheck = 1250;
				LastUpgradeCheck = 1250;
				TargetAttributes = {
					C3AAFC4C269027C000D54EBE = {
						CreatedOnToolsVersion = 12.5.1;
					};
				};
			};
			buildConfigurationList = C3AAFC48269027C000D54EBE /* Build configuration list for PBXProject "Cupcakes" */;
			compatibilityVersion = "Xcode 9.3";
			developmentRegion = en;
			hasScannedForEncodings = 0;
			knownRegions = (
				en,
				Base,
			);
			mainGroup = C3AAFC44269027C000D54EBE;
			productRefGroup = C3AAFC4E269027C000D54EBE /* Products */;
			projectDirPath = "";
			projectRoot = "";
			targets = (
				C3AAFC4C269027C000D54EBE /* Cupcakes */,
			);
		};
/* End PBXProject section */

/* Begin PBXResourcesBuildPhase section */
		C3AAFC4B269027C000D54EBE /* Resources */ = {
			isa = PBXResourcesBuildPhase;
			buildActionMask = 2147483647;
			files = (
				C3AAFC58269027C300D54EBE /* Preview Assets.xcassets in Resources */,
				C3AAFC55269027C300D54EBE /* Assets.xcassets in Resources */,
			);
			runOnlyForDeploymentPostprocessing = 0;
		};
/* End PBXResourcesBuildPhase section */

/* Begin PBXSourcesBuildPhase section */
		C3AAFC49269027C000D54EBE /* Sources */ = {
			isa = PBXSourcesBuildPhase;
			buildActionMask = 2147483647;
			files = (
				C3AAFC622690B02500D54EBE /* Order.swift in Sources */,
				C3AAFC642690B75000D54EBE /* AddressView.swift in Sources */,
				C3AAFC53269027C000D54EBE /* MainView.swift in Sources */,
				C3AAFC51269027C000D54EBE /* CupcakesApp.swift in Sources */,
				C3AAFC662690B88A00D54EBE /* OrderView.swift in Sources */,
			);
			runOnlyForDeploymentPostprocessing = 0;
		};
/* End PBXSourcesBuildPhase section */

/* Begin XCBuildConfiguration section */
		C3AAFC5A269027C300D54EBE /* Debug */ = {
			isa = XCBuildConfiguration;
			buildSettings = {
				ALWAYS_SEARCH_USER_PATHS = NO;
				CLANG_ANALYZER_NONNULL = YES;
				CLANG_ANALYZER_NUMBER_OBJECT_CONVERSION = YES_AGGRESSIVE;
				CLANG_CXX_LANGUAGE_STANDARD = "gnu++14";
				CLANG_CXX_LIBRARY = "libc++";
				CLANG_ENABLE_MODULES = YES;
				CLANG_ENABLE_OBJC_ARC = YES;
				CLANG_ENABLE_OBJC_WEAK = YES;
				CLANG_WARN_BLOCK_CAPTURE_AUTORELEASING = YES;
				CLANG_WARN_BOOL_CONVERSION = YES;
				CLANG_WARN_COMMA = YES;
				CLANG_WARN_CONSTANT_CONVERSION = YES;
				CLANG_WARN_DEPRECATED_OBJC_IMPLEMENTATIONS = YES;
				CLANG_WARN_DIRECT_OBJC_ISA_USAGE = YES_ERROR;
				CLANG_WARN_DOCUMENTATION_COMMENTS = YES;
				CLANG_WARN_EMPTY_BODY = YES;
				CLANG_WARN_ENUM_CONVERSION = YES;
				CLANG_WARN_INFINITE_RECURSION = YES;
				CLANG_WARN_INT_CONVERSION = YES;
				CLANG_WARN_NON_LITERAL_NULL_CONVERSION = YES;
				CLANG_WARN_OBJC_IMPLICIT_RETAIN_SELF = YES;
				CLANG_WARN_OBJC_LITERAL_CONVERSION = YES;
				CLANG_WARN_OBJC_ROOT_CLASS = YES_ERROR;
				CLANG_WARN_QUOTED_INCLUDE_IN_FRAMEWORK_HEADER = YES;
				CLANG_WARN_RANGE_LOOP_ANALYSIS = YES;
				CLANG_WARN_STRICT_PROTOTYPES = YES;
				CLANG_WARN_SUSPICIOUS_MOVE = YES;
				CLANG_WARN_UNGUARDED_AVAILABILITY = YES_AGGRESSIVE;
				CLANG_WARN_UNREACHABLE_CODE = YES;
				CLANG_WARN__DUPLICATE_METHOD_MATCH = YES;
				COPY_PHASE_STRIP = NO;
				DEBUG_INFORMATION_FORMAT = dwarf;
				ENABLE_STRICT_OBJC_MSGSEND = YES;
				ENABLE_TESTABILITY = YES;
				GCC_C_LANGUAGE_STANDARD = gnu11;
				GCC_DYNAMIC_NO_PIC = NO;
				GCC_NO_COMMON_BLOCKS = YES;
				GCC_OPTIMIZATION_LEVEL = 0;
				GCC_PREPROCESSOR_DEFINITIONS = (
					"DEBUG=1",
					"$(inherited)",
				);
				GCC_WARN_64_TO_32_BIT_CONVERSION = YES;
				GCC_WARN_ABOUT_RETURN_TYPE = YES_ERROR;
				GCC_WARN_UNDECLARED_SELECTOR = YES;
				GCC_WARN_UNINITIALIZED_AUTOS = YES_AGGRESSIVE;
				GCC_WARN_UNUSED_FUNCTION = YES;
				GCC_WARN_UNUSED_VARIABLE = YES;
				IPHONEOS_DEPLOYMENT_TARGET = 14.5;
				MTL_ENABLE_DEBUG_INFO = INCLUDE_SOURCE;
				MTL_FAST_MATH = YES;
				ONLY_ACTIVE_ARCH = YES;
				SDKROOT = iphoneos;
				SWIFT_ACTIVE_COMPILATION_CONDITIONS = DEBUG;
				SWIFT_OPTIMIZATION_LEVEL = "-Onone";
			};
			name = Debug;
		};
		C3AAFC5B269027C300D54EBE /* Release */ = {
			isa = XCBuildConfiguration;
			buildSettings = {
				ALWAYS_SEARCH_USER_PATHS = NO;
				CLANG_ANALYZER_NONNULL = YES;
				CLANG_ANALYZER_NUMBER_OBJECT_CONVERSION = YES_AGGRESSIVE;
				CLANG_CXX_LANGUAGE_STANDARD = "gnu++14";
				CLANG_CXX_LIBRARY = "libc++";
				CLANG_ENABLE_MODULES = YES;
				CLANG_ENABLE_OBJC_ARC = YES;
				CLANG_ENABLE_OBJC_WEAK = YES;
				CLANG_WARN_BLOCK_CAPTURE_AUTORELEASING = YES;
				CLANG_WARN_BOOL_CONVERSION = YES;
				CLANG_WARN_COMMA = YES;
				CLANG_WARN_CONSTANT_CONVERSION = YES;
				CLANG_WARN_DEPRECATED_OBJC_IMPLEMENTATIONS = YES;
				CLANG_WARN_DIRECT_OBJC_ISA_USAGE = YES_ERROR;
				CLANG_WARN_DOCUMENTATION_COMMENTS = YES;
				CLANG_WARN_EMPTY_BODY = YES;
				CLANG_WARN_ENUM_CONVERSION = YES;
				CLANG_WARN_INFINITE_RECURSION = YES;
				CLANG_WARN_INT_CONVERSION = YES;
				CLANG_WARN_NON_LITERAL_NULL_CONVERSION = YES;
				CLANG_WARN_OBJC_IMPLICIT_RETAIN_SELF = YES;
				CLANG_WARN_OBJC_LITERAL_CONVERSION = YES;
				CLANG_WARN_OBJC_ROOT_CLASS = YES_ERROR;
				CLANG_WARN_QUOTED_INCLUDE_IN_FRAMEWORK_HEADER = YES;
				CLANG_WARN_RANGE_LOOP_ANALYSIS = YES;
				CLANG_WARN_STRICT_PROTOTYPES = YES;
				CLANG_WARN_SUSPICIOUS_MOVE = YES;
				CLANG_WARN_UNGUARDED_AVAILABILITY = YES_AGGRESSIVE;
				CLANG_WARN_UNREACHABLE_CODE = YES;
				CLANG_WARN__DUPLICATE_METHOD_MATCH = YES;
				COPY_PHASE_STRIP = NO;
				DEBUG_INFORMATION_FORMAT = "dwarf-with-dsym";
				ENABLE_NS_ASSERTIONS = NO;
				ENABLE_STRICT_OBJC_MSGSEND = YES;
				GCC_C_LANGUAGE_STANDARD = gnu11;
				GCC_NO_COMMON_BLOCKS = YES;
				GCC_WARN_64_TO_32_BIT_CONVERSION = YES;
				GCC_WARN_ABOUT_RETURN_TYPE = YES_ERROR;
				GCC_WARN_UNDECLARED_SELECTOR = YES;
				GCC_WARN_UNINITIALIZED_AUTOS = YES_AGGRESSIVE;
				GCC_WARN_UNUSED_FUNCTION = YES;
				GCC_WARN_UNUSED_VARIABLE = YES;
				IPHONEOS_DEPLOYMENT_TARGET = 14.5;
				MTL_ENABLE_DEBUG_INFO = NO;
				MTL_FAST_MATH = YES;
				SDKROOT = iphoneos;
				SWIFT_COMPILATION_MODE = wholemodule;
				SWIFT_OPTIMIZATION_LEVEL = "-O";
				VALIDATE_PRODUCT = YES;
			};
			name = Release;
		};
		C3AAFC5D269027C300D54EBE /* Debug */ = {
			isa = XCBuildConfiguration;
			buildSettings = {
				ASSETCATALOG_COMPILER_APPICON_NAME = AppIcon;
				ASSETCATALOG_COMPILER_GLOBAL_ACCENT_COLOR_NAME = AccentColor;
				CODE_SIGN_STYLE = Automatic;
				DEVELOPMENT_ASSET_PATHS = "\"Cupcakes/Preview Content\"";
				DEVELOPMENT_TEAM = 3YJVR727HT;
				ENABLE_PREVIEWS = YES;
				INFOPLIST_FILE = Cupcakes/Info.plist;
				IPHONEOS_DEPLOYMENT_TARGET = 14.0;
				LD_RUNPATH_SEARCH_PATHS = (
					"$(inherited)",
					"@executable_path/Frameworks",
				);
				PRODUCT_BUNDLE_IDENTIFIER = Aniruddha200.Cupcakes;
				PRODUCT_NAME = "$(TARGET_NAME)";
				SWIFT_VERSION = 5.0;
				TARGETED_DEVICE_FAMILY = "1,2";
			};
			name = Debug;
		};
		C3AAFC5E269027C300D54EBE /* Release */ = {
			isa = XCBuildConfiguration;
			buildSettings = {
				ASSETCATALOG_COMPILER_APPICON_NAME = AppIcon;
				ASSETCATALOG_COMPILER_GLOBAL_ACCENT_COLOR_NAME = AccentColor;
				CODE_SIGN_STYLE = Automatic;
				DEVELOPMENT_ASSET_PATHS = "\"Cupcakes/Preview Content\"";
				DEVELOPMENT_TEAM = 3YJVR727HT;
				ENABLE_PREVIEWS = YES;
				INFOPLIST_FILE = Cupcakes/Info.plist;
				IPHONEOS_DEPLOYMENT_TARGET = 14.0;
				LD_RUNPATH_SEARCH_PATHS = (
					"$(inherited)",
					"@executable_path/Frameworks",
				);
				PRODUCT_BUNDLE_IDENTIFIER = Aniruddha200.Cupcakes;
				PRODUCT_NAME = "$(TARGET_NAME)";
				SWIFT_VERSION = 5.0;
				TARGETED_DEVICE_FAMILY = "1,2";
			};
			name = Release;
		};
/* End XCBuildConfiguration section */

/* Begin XCConfigurationList section */
		C3AAFC48269027C000D54EBE /* Build configuration list for PBXProject "Cupcakes" */ = {
			isa = XCConfigurationList;
			buildConfigurations = (
				C3AAFC5A269027C300D54EBE /* Debug */,
				C3AAFC5B269027C300D54EBE /* Release */,
			);
			defaultConfigurationIsVisible = 0;
			defaultConfigurationName = Release;
		};
		C3AAFC5C269027C300D54EBE /* Build configuration list for PBXNativeTarget "Cupcakes" */ = {
			isa = XCConfigurationList;
			buildConfigurations = (
				C3AAFC5D269027C300D54EBE /* Debug */,
				C3AAFC5E269027C300D54EBE /* Release */,
			);
			defaultConfigurationIsVisible = 0;
			defaultConfigurationName = Release;
		};
/* End XCConfigurationList section */
	};
	rootObject = C3AAFC45269027C000D54EBE /* Project object */;
}
